
Microsoft Visual Studio Solution File, Format Version 12.00
# Visual Studio Version 17
VisualStudioVersion = 17.9.34728.123
MinimumVisualStudioVersion = 10.0.40219.1
Project("{9A19103F-16F7-4668-BE54-9A1E7A4F7556}") = "ArmoniK.Extensions.CSharp.Client", "ArmoniK.Extensions.CSharp.Client\ArmoniK.Extensions.CSharp.Client.csproj", "{1C56D033-AFD0-4478-BB9D-7B5D35740003}"
EndProject
Project("{9A19103F-16F7-4668-BE54-9A1E7A4F7556}") = "UsageExample", "UsageExample\UsageExample.csproj", "{8ADFD01C-3287-41C8-BF04-95F15CDA8BA9}"
EndProject
Project("{9A19103F-16F7-4668-BE54-9A1E7A4F7556}") = "Tests", "Tests\Tests.csproj", "{E6CDD175-48B3-407D-A305-EA8BB5562DD7}"
EndProject
Project("{FAE04EC0-301F-11D3-BF4B-00C04F79EFBC}") = "ArmoniK.Extensions.CSharp.Worker", "ArmoniK.Extensions.CSharp.Worker\ArmoniK.Extensions.CSharp.Worker.csproj", "{664FD8FB-FCF2-4035-BAA6-FD388896FCA0}"
	ProjectSection(ProjectDependencies) = postProject
		{542AF95B-739F-454C-B5CE-E4F7BC48A4EA} = {542AF95B-739F-454C-B5CE-E4F7BC48A4EA}
	EndProjectSection
EndProject
Project("{2150E333-8FDC-42A3-9474-1A3956D46DE8}") = "End2EndTests", "End2EndTests", "{02EA681E-C7D8-13C7-8484-4AC65E1B71E8}"
EndProject
Project("{FAE04EC0-301F-11D3-BF4B-00C04F79EFBC}") = "ArmoniK.EndToEndTests.Client", "End2EndTests\ArmoniK.EndToEndTests.Client\ArmoniK.EndToEndTests.Client.csproj", "{4BFECF3B-8433-56E1-8F25-1500760041DF}"
EndProject
Project("{FAE04EC0-301F-11D3-BF4B-00C04F79EFBC}") = "ArmoniK.EndToEndTests.Worker", "End2EndTests\ArmoniK.EndToEndTests.Worker\ArmoniK.EndToEndTests.Worker.csproj", "{8EBF7E51-E256-4387-A951-4CD0A8A81415}"
EndProject
Project("{FAE04EC0-301F-11D3-BF4B-00C04F79EFBC}") = "ArmoniK.Extensions.CSharp.Common", "ArmoniK.Extensions.CSharp.Common\ArmoniK.Extensions.CSharp.Common.csproj", "{542AF95B-739F-454C-B5CE-E4F7BC48A4EA}"
EndProject
Project("{FAE04EC0-301F-11D3-BF4B-00C04F79EFBC}") = "ArmoniK.Extensions.CSharp.Worker.Interfaces", "ArmoniK.Extensions.CSharp.Worker.Interfaces\ArmoniK.Extensions.CSharp.Worker.Interfaces.csproj", "{CA8F588B-BBEA-4F5C-A01D-EF7BA43A5EF1}"
EndProject
Project("{FAE04EC0-301F-11D3-BF4B-00C04F79EFBC}") = "ArmoniK.Extensions.CSharp.DynamicWorker", "ArmoniK.Extensions.CSharp.DynamicWorker\ArmoniK.Extensions.CSharp.DynamicWorker.csproj", "{813682E3-D29A-4BE2-A284-63B0724EB4AB}"
EndProject
Project("{FAE04EC0-301F-11D3-BF4B-00C04F79EFBC}") = "StaticWorkerExample", "StaticWorkerExample\StaticWorkerExample.csproj", "{2E0E5D30-1896-4CF6-9F8F-957E11D89693}"
EndProject
Project("{FAE04EC0-301F-11D3-BF4B-00C04F79EFBC}") = "DynamicWorkerExample", "DynamicWorkerExample\DynamicWorkerExample.csproj", "{D8BC356E-2E3B-1F00-392F-887CD467A470}"
EndProject
Project("{FAE04EC0-301F-11D3-BF4B-00C04F79EFBC}") = "ClassLibraryTest", "ClassLibraryTest\ClassLibraryTest.csproj", "{4B1B8874-49CD-45BF-82C5-35BAA2A0C8C9}"
EndProject
Global
	GlobalSection(SolutionConfigurationPlatforms) = preSolution
		Debug|Any CPU = Debug|Any CPU
		Release|Any CPU = Release|Any CPU
	EndGlobalSection
	GlobalSection(ProjectConfigurationPlatforms) = postSolution
		{1C56D033-AFD0-4478-BB9D-7B5D35740003}.Debug|Any CPU.ActiveCfg = Debug|Any CPU
		{1C56D033-AFD0-4478-BB9D-7B5D35740003}.Debug|Any CPU.Build.0 = Debug|Any CPU
		{1C56D033-AFD0-4478-BB9D-7B5D35740003}.Release|Any CPU.ActiveCfg = Release|Any CPU
		{1C56D033-AFD0-4478-BB9D-7B5D35740003}.Release|Any CPU.Build.0 = Release|Any CPU
		{8ADFD01C-3287-41C8-BF04-95F15CDA8BA9}.Debug|Any CPU.ActiveCfg = Debug|Any CPU
		{8ADFD01C-3287-41C8-BF04-95F15CDA8BA9}.Debug|Any CPU.Build.0 = Debug|Any CPU
		{8ADFD01C-3287-41C8-BF04-95F15CDA8BA9}.Release|Any CPU.ActiveCfg = Release|Any CPU
		{8ADFD01C-3287-41C8-BF04-95F15CDA8BA9}.Release|Any CPU.Build.0 = Release|Any CPU
		{E6CDD175-48B3-407D-A305-EA8BB5562DD7}.Debug|Any CPU.ActiveCfg = Debug|Any CPU
		{E6CDD175-48B3-407D-A305-EA8BB5562DD7}.Debug|Any CPU.Build.0 = Debug|Any CPU
		{E6CDD175-48B3-407D-A305-EA8BB5562DD7}.Release|Any CPU.ActiveCfg = Release|Any CPU
		{E6CDD175-48B3-407D-A305-EA8BB5562DD7}.Release|Any CPU.Build.0 = Release|Any CPU
		{664FD8FB-FCF2-4035-BAA6-FD388896FCA0}.Debug|Any CPU.ActiveCfg = Debug|Any CPU
		{664FD8FB-FCF2-4035-BAA6-FD388896FCA0}.Debug|Any CPU.Build.0 = Debug|Any CPU
		{664FD8FB-FCF2-4035-BAA6-FD388896FCA0}.Release|Any CPU.ActiveCfg = Release|Any CPU
		{664FD8FB-FCF2-4035-BAA6-FD388896FCA0}.Release|Any CPU.Build.0 = Release|Any CPU
		{4BFECF3B-8433-56E1-8F25-1500760041DF}.Debug|Any CPU.ActiveCfg = Debug|Any CPU
		{4BFECF3B-8433-56E1-8F25-1500760041DF}.Debug|Any CPU.Build.0 = Debug|Any CPU
		{4BFECF3B-8433-56E1-8F25-1500760041DF}.Release|Any CPU.ActiveCfg = Release|Any CPU
		{4BFECF3B-8433-56E1-8F25-1500760041DF}.Release|Any CPU.Build.0 = Release|Any CPU
		{8EBF7E51-E256-4387-A951-4CD0A8A81415}.Debug|Any CPU.ActiveCfg = Debug|Any CPU
		{8EBF7E51-E256-4387-A951-4CD0A8A81415}.Debug|Any CPU.Build.0 = Debug|Any CPU
		{8EBF7E51-E256-4387-A951-4CD0A8A81415}.Release|Any CPU.ActiveCfg = Release|Any CPU
		{8EBF7E51-E256-4387-A951-4CD0A8A81415}.Release|Any CPU.Build.0 = Release|Any CPU
		{542AF95B-739F-454C-B5CE-E4F7BC48A4EA}.Debug|Any CPU.ActiveCfg = Debug|Any CPU
		{542AF95B-739F-454C-B5CE-E4F7BC48A4EA}.Debug|Any CPU.Build.0 = Debug|Any CPU
		{542AF95B-739F-454C-B5CE-E4F7BC48A4EA}.Release|Any CPU.ActiveCfg = Release|Any CPU
		{542AF95B-739F-454C-B5CE-E4F7BC48A4EA}.Release|Any CPU.Build.0 = Release|Any CPU
		{CA8F588B-BBEA-4F5C-A01D-EF7BA43A5EF1}.Debug|Any CPU.ActiveCfg = Debug|Any CPU
		{CA8F588B-BBEA-4F5C-A01D-EF7BA43A5EF1}.Debug|Any CPU.Build.0 = Debug|Any CPU
		{CA8F588B-BBEA-4F5C-A01D-EF7BA43A5EF1}.Release|Any CPU.ActiveCfg = Release|Any CPU
		{CA8F588B-BBEA-4F5C-A01D-EF7BA43A5EF1}.Release|Any CPU.Build.0 = Release|Any CPU
		{813682E3-D29A-4BE2-A284-63B0724EB4AB}.Debug|Any CPU.ActiveCfg = Debug|Any CPU
		{813682E3-D29A-4BE2-A284-63B0724EB4AB}.Debug|Any CPU.Build.0 = Debug|Any CPU
		{813682E3-D29A-4BE2-A284-63B0724EB4AB}.Release|Any CPU.ActiveCfg = Release|Any CPU
		{813682E3-D29A-4BE2-A284-63B0724EB4AB}.Release|Any CPU.Build.0 = Release|Any CPU
		{2E0E5D30-1896-4CF6-9F8F-957E11D89693}.Debug|Any CPU.ActiveCfg = Debug|Any CPU
		{2E0E5D30-1896-4CF6-9F8F-957E11D89693}.Debug|Any CPU.Build.0 = Debug|Any CPU
		{2E0E5D30-1896-4CF6-9F8F-957E11D89693}.Release|Any CPU.ActiveCfg = Release|Any CPU
		{2E0E5D30-1896-4CF6-9F8F-957E11D89693}.Release|Any CPU.Build.0 = Release|Any CPU
		{D8BC356E-2E3B-1F00-392F-887CD467A470}.Debug|Any CPU.ActiveCfg = Debug|Any CPU
		{D8BC356E-2E3B-1F00-392F-887CD467A470}.Debug|Any CPU.Build.0 = Debug|Any CPU
		{D8BC356E-2E3B-1F00-392F-887CD467A470}.Release|Any CPU.ActiveCfg = Release|Any CPU
		{D8BC356E-2E3B-1F00-392F-887CD467A470}.Release|Any CPU.Build.0 = Release|Any CPU
		{4B1B8874-49CD-45BF-82C5-35BAA2A0C8C9}.Debug|Any CPU.ActiveCfg = Debug|Any CPU
		{4B1B8874-49CD-45BF-82C5-35BAA2A0C8C9}.Debug|Any CPU.Build.0 = Debug|Any CPU
		{4B1B8874-49CD-45BF-82C5-35BAA2A0C8C9}.Release|Any CPU.ActiveCfg = Release|Any CPU
		{4B1B8874-49CD-45BF-82C5-35BAA2A0C8C9}.Release|Any CPU.Build.0 = Release|Any CPU
	EndGlobalSection
	GlobalSection(SolutionProperties) = preSolution
		HideSolutionNode = FALSE
	EndGlobalSection
	GlobalSection(NestedProjects) = preSolution
		{4BFECF3B-8433-56E1-8F25-1500760041DF} = {02EA681E-C7D8-13C7-8484-4AC65E1B71E8}
		{8EBF7E51-E256-4387-A951-4CD0A8A81415} = {02EA681E-C7D8-13C7-8484-4AC65E1B71E8}
	EndGlobalSection
	GlobalSection(ExtensibilityGlobals) = postSolution
		SolutionGuid = {C7A51B52-A446-468B-AD09-E827F114206D}
	EndGlobalSection
EndGlobal
